{
  "version": 4,
  "terraform_version": "0.12.28",
  "serial": 60,
  "lineage": "cd9dd90e-1630-b2eb-4724-32c2cbaba985",
  "outputs": {
    "lambda_function_arn": {
      "value": "arn:aws:lambda:us-east-1:409217766863:function:greet_lambda",
      "type": "string"
    }
  },
  "resources": [
    {
      "mode": "data",
      "type": "archive_file",
      "name": "lambda_zip",
      "provider": "provider.archive",
      "instances": [
        {
          "schema_version": 0,
          "attributes": {
            "excludes": null,
            "id": "c81b4ae612764f746176c940be4eaf442072e31f",
            "output_base64sha256": "qhpKoLuG/TJStsnOJoqURuLO9Qop0U3zRjxkwOoDBjk=",
            "output_md5": "76dec90d263b8fe699b074227803e435",
            "output_path": "output.zip",
            "output_sha": "c81b4ae612764f746176c940be4eaf442072e31f",
            "output_size": 251,
            "source": [],
            "source_content": null,
            "source_content_filename": null,
            "source_dir": null,
            "source_file": "greet_lambda.py",
            "type": "zip"
          }
        }
      ]
    },
    {
      "mode": "managed",
      "type": "aws_cloudwatch_log_group",
      "name": "udacity_log_group",
      "provider": "provider.aws",
      "instances": [
        {
          "schema_version": 0,
          "attributes": {
            "arn": "arn:aws:logs:us-east-1:409217766863:log-group:/aws/lambda/greet_lambda:*",
            "id": "/aws/lambda/greet_lambda",
            "kms_key_id": "",
            "name": "/aws/lambda/greet_lambda",
            "name_prefix": null,
            "retention_in_days": 14,
            "tags": {}
          },
          "private": "bnVsbA=="
        }
      ]
    },
    {
      "mode": "managed",
      "type": "aws_iam_policy",
      "name": "lambda_logs_policy",
      "provider": "provider.aws",
      "instances": [
        {
          "schema_version": 0,
          "attributes": {
            "arn": "arn:aws:iam::409217766863:policy/lambda_logs_policy",
            "description": "",
            "id": "arn:aws:iam::409217766863:policy/lambda_logs_policy",
            "name": "lambda_logs_policy",
            "name_prefix": null,
            "path": "/",
            "policy": "{\r\n\t  \"Version\": \"2012-10-17\",\r\n\t  \"Statement\": [\r\n\t\t{\r\n\t\t  \"Action\": [\r\n\t\t\t\"logs:CreateLogGroup\",\r\n\t\t\t\"logs:CreateLogStream\",\r\n\t\t\t\"logs:PutLogEvents\"\r\n\t\t  ],\r\n\t\t  \"Resource\": \"arn:aws:logs:*:*:*\",\r\n\t\t  \"Effect\": \"Allow\"\r\n\t\t}\r\n\t  ]\r\n\t}\r\n"
          },
          "private": "bnVsbA=="
        }
      ]
    },
    {
      "mode": "managed",
      "type": "aws_iam_role",
      "name": "iam_for_lambda",
      "provider": "provider.aws",
      "instances": [
        {
          "schema_version": 0,
          "attributes": {
            "arn": "arn:aws:iam::409217766863:role/iam_for_lambda",
            "assume_role_policy": "{\"Version\":\"2012-10-17\",\"Statement\":[{\"Sid\":\"\",\"Effect\":\"Allow\",\"Principal\":{\"Service\":\"lambda.amazonaws.com\"},\"Action\":\"sts:AssumeRole\"}]}",
            "create_date": "2020-07-06T04:43:32Z",
            "description": "",
            "force_detach_policies": false,
            "id": "iam_for_lambda",
            "max_session_duration": 3600,
            "name": "iam_for_lambda",
            "name_prefix": null,
            "path": "/",
            "permissions_boundary": null,
            "tags": {},
            "unique_id": "AROAV6R2HSXHW5MMCKE27"
          },
          "private": "bnVsbA=="
        }
      ]
    },
    {
      "mode": "managed",
      "type": "aws_iam_role_policy_attachment",
      "name": "lambda_logs_policy",
      "provider": "provider.aws",
      "instances": [
        {
          "schema_version": 0,
          "attributes": {
            "id": "iam_for_lambda-20200706044333724600000001",
            "policy_arn": "arn:aws:iam::409217766863:policy/lambda_logs_policy",
            "role": "iam_for_lambda"
          },
          "private": "bnVsbA==",
          "dependencies": [
            "aws_iam_policy.lambda_logs_policy",
            "aws_iam_role.iam_for_lambda"
          ]
        }
      ]
    },
    {
      "mode": "managed",
      "type": "aws_lambda_function",
      "name": "geeting_lambda",
      "provider": "provider.aws",
      "instances": [
        {
          "schema_version": 0,
          "attributes": {
            "arn": "arn:aws:lambda:us-east-1:409217766863:function:greet_lambda",
            "dead_letter_config": [],
            "description": "",
            "environment": [
              {
                "variables": {
                  "greeting": "Hello World!"
                }
              }
            ],
            "file_system_config": [],
            "filename": "output.zip",
            "function_name": "greet_lambda",
            "handler": "greet_lambda.lambda_handler",
            "id": "greet_lambda",
            "invoke_arn": "arn:aws:apigateway:us-east-1:lambda:path/2015-03-31/functions/arn:aws:lambda:us-east-1:409217766863:function:greet_lambda/invocations",
            "kms_key_arn": "",
            "last_modified": "2020-07-06T04:46:47.950+0000",
            "layers": null,
            "memory_size": 128,
            "publish": false,
            "qualified_arn": "arn:aws:lambda:us-east-1:409217766863:function:greet_lambda:$LATEST",
            "reserved_concurrent_executions": -1,
            "role": "arn:aws:iam::409217766863:role/iam_for_lambda",
            "runtime": "python3.8",
            "s3_bucket": null,
            "s3_key": null,
            "s3_object_version": null,
            "source_code_hash": "qhpKoLuG/TJStsnOJoqURuLO9Qop0U3zRjxkwOoDBjk=",
            "source_code_size": 251,
            "tags": null,
            "timeout": 3,
            "timeouts": null,
            "tracing_config": [
              {
                "mode": "PassThrough"
              }
            ],
            "version": "$LATEST",
            "vpc_config": []
          },
          "private": "eyJlMmJmYjczMC1lY2FhLTExZTYtOGY4OC0zNDM2M2JjN2M0YzAiOnsiY3JlYXRlIjo2MDAwMDAwMDAwMDB9fQ==",
          "dependencies": [
            "aws_iam_role.iam_for_lambda"
          ]
        }
      ]
    }
  ]
}
